
Microsoft Visual Studio Solution File, Format Version 12.00
# Visual Studio 15
VisualStudioVersion = 15.0.28307.106
MinimumVisualStudioVersion = 10.0.40219.1
Project("{9A19103F-16F7-4668-BE54-9A1E7A4F7556}") = "委托", "深入了解委托和事件\委托.csproj", "{5F17D76F-6AC2-4434-8C86-7C25F4481D75}"
EndProject
Project("{9A19103F-16F7-4668-BE54-9A1E7A4F7556}") = "委托的调用", "委托的调用\委托的调用.csproj", "{8EC04BBF-BE2E-43D9-B19E-D6E1E44DEBD8}"
EndProject
Project("{FAE04EC0-301F-11D3-BF4B-00C04F79EFBC}") = "平台内置委托action和func", "平台内置委托action和func\平台内置委托action和func.csproj", "{9BDEEE9A-7010-48F8-8A0E-A1874809D6F9}"
EndProject
Global
	GlobalSection(SolutionConfigurationPlatforms) = preSolution
		Debug|Any CPU = Debug|Any CPU
		Release|Any CPU = Release|Any CPU
	EndGlobalSection
	GlobalSection(ProjectConfigurationPlatforms) = postSolution
		{5F17D76F-6AC2-4434-8C86-7C25F4481D75}.Debug|Any CPU.ActiveCfg = Debug|Any CPU
		{5F17D76F-6AC2-4434-8C86-7C25F4481D75}.Debug|Any CPU.Build.0 = Debug|Any CPU
		{5F17D76F-6AC2-4434-8C86-7C25F4481D75}.Release|Any CPU.ActiveCfg = Release|Any CPU
		{5F17D76F-6AC2-4434-8C86-7C25F4481D75}.Release|Any CPU.Build.0 = Release|Any CPU
		{8EC04BBF-BE2E-43D9-B19E-D6E1E44DEBD8}.Debug|Any CPU.ActiveCfg = Debug|Any CPU
		{8EC04BBF-BE2E-43D9-B19E-D6E1E44DEBD8}.Debug|Any CPU.Build.0 = Debug|Any CPU
		{8EC04BBF-BE2E-43D9-B19E-D6E1E44DEBD8}.Release|Any CPU.ActiveCfg = Release|Any CPU
		{8EC04BBF-BE2E-43D9-B19E-D6E1E44DEBD8}.Release|Any CPU.Build.0 = Release|Any CPU
		{9BDEEE9A-7010-48F8-8A0E-A1874809D6F9}.Debug|Any CPU.ActiveCfg = Debug|Any CPU
		{9BDEEE9A-7010-48F8-8A0E-A1874809D6F9}.Debug|Any CPU.Build.0 = Debug|Any CPU
		{9BDEEE9A-7010-48F8-8A0E-A1874809D6F9}.Release|Any CPU.ActiveCfg = Release|Any CPU
		{9BDEEE9A-7010-48F8-8A0E-A1874809D6F9}.Release|Any CPU.Build.0 = Release|Any CPU
	EndGlobalSection
	GlobalSection(SolutionProperties) = preSolution
		HideSolutionNode = FALSE
	EndGlobalSection
	GlobalSection(ExtensibilityGlobals) = postSolution
		SolutionGuid = {AC000954-B5BE-4EE9-AE02-4C4FA63CC68C}
	EndGlobalSection
EndGlobal
